
Microsoft Visual Studio Solution File, Format Version 12.00
# Visual Studio Version 17
VisualStudioVersion = 17.0.31903.59
MinimumVisualStudioVersion = 10.0.40219.1
Project("{FAE04EC0-301F-11D3-BF4B-00C04F79EFBC}") = "SHT", "SHT\SHT.csproj", "{FF179137-0118-4D1F-B8D4-7565116EAF6A}"
EndProject
Global
	GlobalSection(SolutionConfigurationPlatforms) = preSolution
		Debug|Any CPU = Debug|Any CPU
		Release|Any CPU = Release|Any CPU
	EndGlobalSection
	GlobalSection(ProjectConfigurationPlatforms) = postSolution
		{FF179137-0118-4D1F-B8D4-7565116EAF6A}.Debug|Any CPU.ActiveCfg = Debug|Any CPU
		{FF179137-0118-4D1F-B8D4-7565116EAF6A}.Debug|Any CPU.Build.0 = Debug|Any CPU
		{FF179137-0118-4D1F-B8D4-7565116EAF6A}.Release|Any CPU.ActiveCfg = Release|Any CPU
		{FF179137-0118-4D1F-B8D4-7565116EAF6A}.Release|Any CPU.Build.0 = Release|Any CPU
	EndGlobalSection
	GlobalSection(SolutionProperties) = preSolution
		HideSolutionNode = FALSE
	EndGlobalSection
	GlobalSection(ExtensibilityGlobals) = postSolution
		SolutionGuid = {6FD67ECA-9099-4648-AB6F-56A90B0F6719}
	EndGlobalSection
EndGlobal
